<?xml version="1.0" encoding="utf-8"?>
<Project ToolsVersion="4.0" xmlns="http://schemas.microsoft.com/developer/msbuild/2003">
  <ItemGroup>
    <Filter Include="Source Files">
      <UniqueIdentifier>{4FC737F1-C7A5-4376-A066-2A32D752A2FF}</UniqueIdentifier>
      <Extensions>cpp;c;cc;cxx;c++;cppm;ixx;def;odl;idl;hpj;bat;asm;asmx</Extensions>
    </Filter>
    <Filter Include="Header Files">
      <UniqueIdentifier>{93995380-89BD-4b04-88EB-625FBE52EBFB}</UniqueIdentifier>
      <Extensions>h;hh;hpp;hxx;h++;hm;inl;inc;ipp;xsd</Extensions>
    </Filter>
    <Filter Include="Resource Files">
      <UniqueIdentifier>{67DA6AB6-F800-4c08-8B7A-83BB121AAD01}</UniqueIdentifier>
      <Extensions>rc;ico;cur;bmp;dlg;rc2;rct;bin;rgs;gif;jpg;jpeg;jpe;resx;tiff;tif;png;wav;mfcribbon-ms</Extensions>
    </Filter>
  </ItemGroup>
  <ItemGroup>
    <ClCompile Include="raytracer\objects\object.cpp">
      <Filter>Source Files</Filter>
    </ClCompile>
    <ClCompile Include="raytracer\objects\sphere.cpp">
      <Filter>Source Files</Filter>
    </ClCompile>
    <ClCompile Include="raytracer\octree\octree.cpp">
      <Filter>Source Files</Filter>
    </ClCompile>
    <ClCompile Include="raytracer\octree\octree_node.cpp">
      <Filter>Source Files</Filter>
    </ClCompile>
    <ClCompile Include="raytracer\bounding_box.cpp">
      <Filter>Source Files</Filter>
    </ClCompile>
    <ClCompile Include="raytracer\material.cpp">
      <Filter>Source Files</Filter>
    </ClCompile>
    <ClCompile Include="raytracer\raytracer.cpp">
      <Filter>Source Files</Filter>
    </ClCompile>
    <ClCompile Include="global_allocation.cpp">
      <Filter>Source Files</Filter>
    </ClCompile>
    <ClCompile Include="heap_manager.cpp">
      <Filter>Source Files</Filter>
    </ClCompile>
    <ClCompile Include="main.cpp">
      <Filter>Source Files</Filter>
    </ClCompile>
    <ClCompile Include="heap_types\audio_heap.cpp">
      <Filter>Source Files</Filter>
    </ClCompile>
    <ClCompile Include="heap_types\default_heap.cpp">
      <Filter>Source Files</Filter>
    </ClCompile>
    <ClCompile Include="heap_types\graphics_heap.cpp">
      <Filter>Source Files</Filter>
    </ClCompile>
    <ClCompile Include="heap_types\managed_heap.cpp">
      <Filter>Source Files</Filter>
    </ClCompile>
    <ClCompile Include="heap_types\physics_heap.cpp">
      <Filter>Source Files</Filter>
    </ClCompile>
    <ClCompile Include="raytracer\camera.cpp">
      <Filter>Source Files</Filter>
    </ClCompile>
  </ItemGroup>
  <ItemGroup>
    <ClInclude Include="raytracer\objects\object.h">
      <Filter>Header Files</Filter>
    </ClInclude>
    <ClInclude Include="raytracer\objects\sphere.h">
      <Filter>Header Files</Filter>
    </ClInclude>
    <ClInclude Include="raytracer\octree\octree.h">
      <Filter>Header Files</Filter>
    </ClInclude>
    <ClInclude Include="raytracer\octree\octree_node.h">
      <Filter>Header Files</Filter>
    </ClInclude>
    <ClInclude Include="raytracer\bounding_box.h">
      <Filter>Header Files</Filter>
    </ClInclude>
    <ClInclude Include="raytracer\easings.h">
      <Filter>Header Files</Filter>
    </ClInclude>
    <ClInclude Include="raytracer\material.h">
      <Filter>Header Files</Filter>
    </ClInclude>
    <ClInclude Include="raytracer\ray.h">
      <Filter>Header Files</Filter>
    </ClInclude>
    <ClInclude Include="raytracer\raytracer.h">
      <Filter>Header Files</Filter>
    </ClInclude>
    <ClInclude Include="raytracer\static_functions.h">
      <Filter>Header Files</Filter>
    </ClInclude>
    <ClInclude Include="raytracer\timer.h">
      <Filter>Header Files</Filter>
    </ClInclude>
    <ClInclude Include="raytracer\trace_result.h">
      <Filter>Header Files</Filter>
    </ClInclude>
    <ClInclude Include="raytracer\vec3.h">
      <Filter>Header Files</Filter>
    </ClInclude>
    <ClInclude Include="global_allocation.h">
      <Filter>Header Files</Filter>
    </ClInclude>
    <ClInclude Include="header_footer.h">
      <Filter>Header Files</Filter>
    </ClInclude>
    <ClInclude Include="heap_manager.h">
      <Filter>Header Files</Filter>
    </ClInclude>
    <ClInclude Include="heap_types\audio_heap.h">
      <Filter>Header Files</Filter>
    </ClInclude>
    <ClInclude Include="heap_types\graphics_heap.h">
      <Filter>Header Files</Filter>
    </ClInclude>
    <ClInclude Include="heap_types\default_heap.h">
      <Filter>Header Files</Filter>
    </ClInclude>
    <ClInclude Include="heap_types\graphics_heap.h">
      <Filter>Header Files</Filter>
    </ClInclude>
    <ClInclude Include="heap_types\managed_heap.h">
      <Filter>Header Files</Filter>
    </ClInclude>
    <ClInclude Include="heap_types\physics_heap.h">
      <Filter>Header Files</Filter>
    </ClInclude>
    <ClInclude Include="raytracer\objects\key_frame.h">
      <Filter>Header Files</Filter>
    </ClInclude>
    <ClInclude Include="raytracer\objects\key_framed_value.h">
      <Filter>Header Files</Filter>
    </ClInclude>
    <ClInclude Include="raytracer\math_defines.h">
      <Filter>Header Files</Filter>
    </ClInclude>
    <ClInclude Include="raytracer\camera.h">
      <Filter>Header Files</Filter>
    </ClInclude>
  </ItemGroup>
  <ItemGroup>
    <None Include="raytracer\scenes\test.json" />
  </ItemGroup>
</Project>