<?xml version="1.0" encoding="utf-8"?>
<Project ToolsVersion="4.0" xmlns="http://schemas.microsoft.com/developer/msbuild/2003">
  <ItemGroup>
    <Filter Include="Source Files">
      <UniqueIdentifier>{4FC737F1-C7A5-4376-A066-2A32D752A2FF}</UniqueIdentifier>
      <Extensions>cpp;c;cc;cxx;c++;cppm;ixx;def;odl;idl;hpj;bat;asm;asmx</Extensions>
    </Filter>
    <Filter Include="Header Files">
      <UniqueIdentifier>{93995380-89BD-4b04-88EB-625FBE52EBFB}</UniqueIdentifier>
      <Extensions>h;hh;hpp;hxx;h++;hm;inl;inc;ipp;xsd</Extensions>
    </Filter>
    <Filter Include="Resource Files">
      <UniqueIdentifier>{67DA6AB6-F800-4c08-8B7A-83BB121AAD01}</UniqueIdentifier>
      <Extensions>rc;ico;cur;bmp;dlg;rc2;rct;bin;rgs;gif;jpg;jpeg;jpe;resx;tiff;tif;png;wav;mfcribbon-ms</Extensions>
    </Filter>
  </ItemGroup>
  <ItemGroup>
    <ClCompile Include="LowLevelCode.cpp">
      <Filter>Source Files</Filter>
    </ClCompile>
    <ClCompile Include="GlobalAllocation.cpp">
      <Filter>Source Files</Filter>
    </ClCompile>
    <ClCompile Include="HeapManager.cpp">
      <Filter>Source Files</Filter>
    </ClCompile>
    <ClCompile Include="heap_types\ManagedHeap.cpp">
      <Filter>Source Files</Filter>
    </ClCompile>
    <ClCompile Include="heap_types\DefaultHeap.cpp">
      <Filter>Source Files</Filter>
    </ClCompile>
    <ClCompile Include="heap_types\GraphicsHeap.cpp">
      <Filter>Source Files</Filter>
    </ClCompile>
    <ClCompile Include="heap_types\AudioHeap.cpp">
      <Filter>Source Files</Filter>
    </ClCompile>
    <ClCompile Include="test\GraphicsObject.cpp">
      <Filter>Source Files</Filter>
    </ClCompile>
    <ClCompile Include="heap_types\PhysicsHeap.cpp">
      <Filter>Source Files</Filter>
    </ClCompile>
    <ClCompile Include="raytracer\objects\Object.cpp">
      <Filter>Source Files</Filter>
    </ClCompile>
    <ClCompile Include="raytracer\objects\Sphere.cpp">
      <Filter>Source Files</Filter>
    </ClCompile>
    <ClCompile Include="raytracer\Raytracer.cpp">
      <Filter>Source Files</Filter>
    </ClCompile>
    <ClCompile Include="raytracer\Material.cpp">
      <Filter>Source Files</Filter>
    </ClCompile>
    <ClCompile Include="raytracer\objects\ObjectLoader.cpp">
      <Filter>Source Files</Filter>
    </ClCompile>
    <ClCompile Include="raytracer\objects\KeyFrame.cpp">
      <Filter>Source Files</Filter>
    </ClCompile>
  </ItemGroup>
  <ItemGroup>
    <ClInclude Include="GlobalAllocation.h">
      <Filter>Header Files</Filter>
    </ClInclude>
    <ClInclude Include="HeapManager.h">
      <Filter>Header Files</Filter>
    </ClInclude>
    <ClInclude Include="heap_types\ManagedHeap.h">
      <Filter>Header Files</Filter>
    </ClInclude>
    <ClInclude Include="HeaderFooter.h">
      <Filter>Header Files</Filter>
    </ClInclude>
    <ClInclude Include="heap_types\DefaultHeap.h">
      <Filter>Header Files</Filter>
    </ClInclude>
    <ClInclude Include="heap_types\GraphicsHeap.h">
      <Filter>Header Files</Filter>
    </ClInclude>
    <ClInclude Include="heap_types\AudioHeap.h">
      <Filter>Header Files</Filter>
    </ClInclude>
    <ClInclude Include="test\GraphicsObject.h">
      <Filter>Header Files</Filter>
    </ClInclude>
    <ClInclude Include="heap_types\PhysicsHeap.h">
      <Filter>Header Files</Filter>
    </ClInclude>
    <ClInclude Include="raytracer\objects\Object.h">
      <Filter>Header Files</Filter>
    </ClInclude>
    <ClInclude Include="raytracer\objects\Sphere.h">
      <Filter>Header Files</Filter>
    </ClInclude>
    <ClInclude Include="raytracer\Material.h">
      <Filter>Header Files</Filter>
    </ClInclude>
    <ClInclude Include="raytracer\Vec3.h">
      <Filter>Header Files</Filter>
    </ClInclude>
    <ClInclude Include="raytracer\objects\ObjectLoader.h">
      <Filter>Header Files</Filter>
    </ClInclude>
    <ClInclude Include="raytracer\objects\KeyFramedValue.h">
      <Filter>Header Files</Filter>
    </ClInclude>
    <ClInclude Include="raytracer\objects\KeyFrame.h">
      <Filter>Header Files</Filter>
    </ClInclude>
    <ClInclude Include="raytracer\Raytracer.h">
      <Filter>Header Files</Filter>
    </ClInclude>
    <ClInclude Include="raytracer\MathDefines.h">
      <Filter>Header Files</Filter>
    </ClInclude>
  </ItemGroup>
</Project>